// !$*UTF8*$!
{
	archiveVersion = 1;
	classes = {
	};
	objectVersion = 46;
	objects = {

/* Begin PBXBuildFile section */
		153B4E3618206CC200962DB2 /* PlateStartPoint.m in Sources */ = {isa = PBXBuildFile; fileRef = 153B4E0A18206CC100962DB2 /* PlateStartPoint.m */; };
		153B4E3718206CC200962DB2 /* AGLKContext.m in Sources */ = {isa = PBXBuildFile; fileRef = 153B4E0E18206CC100962DB2 /* AGLKContext.m */; };
		153B4E3818206CC200962DB2 /* AGLKVertexAttribArrayBuffer.m in Sources */ = {isa = PBXBuildFile; fileRef = 153B4E1018206CC100962DB2 /* AGLKVertexAttribArrayBuffer.m */; };
		153B4E3918206CC200962DB2 /* Mesh.m in Sources */ = {isa = PBXBuildFile; fileRef = 153B4E1218206CC100962DB2 /* Mesh.m */; };
		153B4E3B18206CC200962DB2 /* PolygonMesh.m in Sources */ = {isa = PBXBuildFile; fileRef = 153B4E1618206CC100962DB2 /* PolygonMesh.m */; };
		153B4E3C18206CC200962DB2 /* ShaderProgram.m in Sources */ = {isa = PBXBuildFile; fileRef = 153B4E1918206CC100962DB2 /* ShaderProgram.m */; };
		153B4E3D18206CC200962DB2 /* GyroRotationManager.m in Sources */ = {isa = PBXBuildFile; fileRef = 153B4E1C18206CC100962DB2 /* GyroRotationManager.m */; };
		153B4E3E18206CC200962DB2 /* RotationManager.m in Sources */ = {isa = PBXBuildFile; fileRef = 153B4E1E18206CC100962DB2 /* RotationManager.m */; };
		153B4E3F18206CC200962DB2 /* TranslationManager.m in Sources */ = {isa = PBXBuildFile; fileRef = 153B4E2018206CC100962DB2 /* TranslationManager.m */; };
		153B4E4018206CC200962DB2 /* ZoomManager.m in Sources */ = {isa = PBXBuildFile; fileRef = 153B4E2218206CC100962DB2 /* ZoomManager.m */; };
		153B4E4118206CC200962DB2 /* EulerAngles.c in Sources */ = {isa = PBXBuildFile; fileRef = 153B4E2418206CC100962DB2 /* EulerAngles.c */; };
		153B4E4218206CC200962DB2 /* Utilities.m in Sources */ = {isa = PBXBuildFile; fileRef = 153B4E2818206CC100962DB2 /* Utilities.m */; };
		153B4E4F18206CF400962DB2 /* DirectionalLight.fsh in Resources */ = {isa = PBXBuildFile; fileRef = 153B4E2A18206CC100962DB2 /* DirectionalLight.fsh */; };
		153B4E5018206CF400962DB2 /* DirectionalLight.vsh in Resources */ = {isa = PBXBuildFile; fileRef = 153B4E2B18206CC100962DB2 /* DirectionalLight.vsh */; };
		153B4E5318206CF400962DB2 /* DepthShader.fsh in Resources */ = {isa = PBXBuildFile; fileRef = 153B4E2E18206CC200962DB2 /* DepthShader.fsh */; };
		153B4E5418206CF400962DB2 /* DepthShader.vsh in Resources */ = {isa = PBXBuildFile; fileRef = 153B4E2F18206CC200962DB2 /* DepthShader.vsh */; };
		153B4E5718206CF400962DB2 /* PointCloudRGBAShader.fsh in Resources */ = {isa = PBXBuildFile; fileRef = 153B4E3218206CC200962DB2 /* PointCloudRGBAShader.fsh */; };
		153B4E5818206CF400962DB2 /* PointCloudRGBAShader.vsh in Resources */ = {isa = PBXBuildFile; fileRef = 153B4E3318206CC200962DB2 /* PointCloudRGBAShader.vsh */; };
		153B4E5918206CF400962DB2 /* TextureShader.fsh in Resources */ = {isa = PBXBuildFile; fileRef = 153B4E3418206CC200962DB2 /* TextureShader.fsh */; };
		153B4E5A18206CF400962DB2 /* TextureShader.vsh in Resources */ = {isa = PBXBuildFile; fileRef = 153B4E3518206CC200962DB2 /* TextureShader.vsh */; };
		1551ED6E18348F7F00855993 /* Line.m in Sources */ = {isa = PBXBuildFile; fileRef = 1551ED6D18348F7F00855993 /* Line.m */; };
		1553C239183EFFB300839072 /* simpleshader.vsh in Resources */ = {isa = PBXBuildFile; fileRef = 1553C232183EFF9300839072 /* simpleshader.vsh */; };
		1553C23A183EFFB300839072 /* simpleshader.fsh in Resources */ = {isa = PBXBuildFile; fileRef = 1553C237183EFF9B00839072 /* simpleshader.fsh */; };
		1553C23D183F00A100839072 /* PolarAnnularMesh.mm in Sources */ = {isa = PBXBuildFile; fileRef = 1553C23C183F00A100839072 /* PolarAnnularMesh.mm */; };
		155746931840052700401921 /* Shader.fsh in Resources */ = {isa = PBXBuildFile; fileRef = 1557468C1840051400401921 /* Shader.fsh */; };
		155746941840052700401921 /* Shader.vsh in Resources */ = {isa = PBXBuildFile; fileRef = 1557468D1840051400401921 /* Shader.vsh */; };
		156463EB1820266E0000B985 /* Foundation.framework in Frameworks */ = {isa = PBXBuildFile; fileRef = 156463EA1820266E0000B985 /* Foundation.framework */; };
		156463ED1820266E0000B985 /* CoreGraphics.framework in Frameworks */ = {isa = PBXBuildFile; fileRef = 156463EC1820266E0000B985 /* CoreGraphics.framework */; };
		156463EF1820266E0000B985 /* UIKit.framework in Frameworks */ = {isa = PBXBuildFile; fileRef = 156463EE1820266E0000B985 /* UIKit.framework */; };
		156463F51820266E0000B985 /* InfoPlist.strings in Resources */ = {isa = PBXBuildFile; fileRef = 156463F31820266E0000B985 /* InfoPlist.strings */; };
		156463F71820266E0000B985 /* main.m in Sources */ = {isa = PBXBuildFile; fileRef = 156463F61820266E0000B985 /* main.m */; };
		156463FB1820266E0000B985 /* AppDelegate.m in Sources */ = {isa = PBXBuildFile; fileRef = 156463FA1820266E0000B985 /* AppDelegate.m */; };
		156463FD1820266E0000B985 /* Images.xcassets in Resources */ = {isa = PBXBuildFile; fileRef = 156463FC1820266E0000B985 /* Images.xcassets */; };
		156464041820266E0000B985 /* XCTest.framework in Frameworks */ = {isa = PBXBuildFile; fileRef = 156464031820266E0000B985 /* XCTest.framework */; };
		156464051820266E0000B985 /* Foundation.framework in Frameworks */ = {isa = PBXBuildFile; fileRef = 156463EA1820266E0000B985 /* Foundation.framework */; };
		156464061820266E0000B985 /* UIKit.framework in Frameworks */ = {isa = PBXBuildFile; fileRef = 156463EE1820266E0000B985 /* UIKit.framework */; };
		1564640E1820266E0000B985 /* InfoPlist.strings in Resources */ = {isa = PBXBuildFile; fileRef = 1564640C1820266E0000B985 /* InfoPlist.strings */; };
		156464101820266E0000B985 /* PAMTests.m in Sources */ = {isa = PBXBuildFile; fileRef = 1564640F1820266E0000B985 /* PAMTests.m */; };
		156465F4182031EB0000B985 /* libGEL-iOS Static Library.a in Frameworks */ = {isa = PBXBuildFile; fileRef = 156465ED182031D80000B985 /* libGEL-iOS Static Library.a */; };
		156465FA182032840000B985 /* GLKit.framework in Frameworks */ = {isa = PBXBuildFile; fileRef = 156465F9182032840000B985 /* GLKit.framework */; };
		156465FC182032870000B985 /* OpenGLES.framework in Frameworks */ = {isa = PBXBuildFile; fileRef = 156465FB182032870000B985 /* OpenGLES.framework */; };
		1564660E182033920000B985 /* BaseQuadMeshViewController.m in Sources */ = {isa = PBXBuildFile; fileRef = 156465FF182033920000B985 /* BaseQuadMeshViewController.m */; };
		1564660F182033920000B985 /* MeshLoader.mm in Sources */ = {isa = PBXBuildFile; fileRef = 15646601182033920000B985 /* MeshLoader.mm */; };
		15646610182033920000B985 /* 3DFile.obj in Resources */ = {isa = PBXBuildFile; fileRef = 15646603182033920000B985 /* 3DFile.obj */; };
		15646611182033920000B985 /* mesh.obj in Resources */ = {isa = PBXBuildFile; fileRef = 15646604182033920000B985 /* mesh.obj */; };
		15646612182033920000B985 /* newPolars.obj in Resources */ = {isa = PBXBuildFile; fileRef = 15646605182033920000B985 /* newPolars.obj */; };
		15646613182033920000B985 /* newTEST.obj in Resources */ = {isa = PBXBuildFile; fileRef = 15646606182033920000B985 /* newTEST.obj */; };
		15646614182033920000B985 /* teapot.obj in Resources */ = {isa = PBXBuildFile; fileRef = 15646607182033920000B985 /* teapot.obj */; };
		15646615182033920000B985 /* QuadMeshViewController.mm in Sources */ = {isa = PBXBuildFile; fileRef = 15646609182033920000B985 /* QuadMeshViewController.mm */; };
		15646617182033920000B985 /* WireFrame.m in Sources */ = {isa = PBXBuildFile; fileRef = 1564660D182033920000B985 /* WireFrame.m */; };
		158D8BB51841765C00FA8AFB /* sphere_mid_res.obj in Resources */ = {isa = PBXBuildFile; fileRef = 158D8BB41841765C00FA8AFB /* sphere_mid_res.obj */; };
		15BB316E186ABC6D001EE9E9 /* SettingsViewController.m in Sources */ = {isa = PBXBuildFile; fileRef = 15BB316D186ABC6D001EE9E9 /* SettingsViewController.m */; };
		15BB3172186ABF1B001EE9E9 /* SettingsManager.m in Sources */ = {isa = PBXBuildFile; fileRef = 15BB3171186ABF1B001EE9E9 /* SettingsManager.m */; };
		15BB3176186E5AFC001EE9E9 /* PAMPanGestureRecognizer.m in Sources */ = {isa = PBXBuildFile; fileRef = 15BB3175186E5AFC001EE9E9 /* PAMPanGestureRecognizer.m */; };
		1A408F3918357A8D0044E48E /* sphere.obj in Resources */ = {isa = PBXBuildFile; fileRef = 1A408F3818357A8D0044E48E /* sphere.obj */; };
		1A408F3E18357BAB0044E48E /* quad_sphere.obj in Resources */ = {isa = PBXBuildFile; fileRef = 1A408F3D18357BAB0044E48E /* quad_sphere.obj */; };
		1A408F4018357CAA0044E48E /* quad_sphere_high_res.obj in Resources */ = {isa = PBXBuildFile; fileRef = 1A408F3F18357CAA0044E48E /* quad_sphere_high_res.obj */; };
		1A9438AD1832F3D40081F188 /* UITwoFingerHoldGestureRecognizer.m in Sources */ = {isa = PBXBuildFile; fileRef = 1A9438AC1832F3D40081F188 /* UITwoFingerHoldGestureRecognizer.m */; };
		1A976FC0184683EF0022AC3D /* PAMUtilities.mm in Sources */ = {isa = PBXBuildFile; fileRef = 1A976FBF184683EF0022AC3D /* PAMUtilities.mm */; };
/* End PBXBuildFile section */

/* Begin PBXContainerItemProxy section */
		156464071820266E0000B985 /* PBXContainerItemProxy */ = {
			isa = PBXContainerItemProxy;
			containerPortal = 156463DF1820266E0000B985 /* Project object */;
			proxyType = 1;
			remoteGlobalIDString = 156463E61820266E0000B985;
			remoteInfo = PAM;
		};
		156465EA182031D80000B985 /* PBXContainerItemProxy */ = {
			isa = PBXContainerItemProxy;
			containerPortal = 156465E3182031D70000B985 /* GEL-iOS.xcodeproj */;
			proxyType = 2;
			remoteGlobalIDString = 1AAD577B17F4DAE80064BA71;
			remoteInfo = "GEL-iOS";
		};
		156465EC182031D80000B985 /* PBXContainerItemProxy */ = {
			isa = PBXContainerItemProxy;
			containerPortal = 156465E3182031D70000B985 /* GEL-iOS.xcodeproj */;
			proxyType = 2;
			remoteGlobalIDString = 1A9433DE17F4E7A3007FAC88;
			remoteInfo = "GEL-iOS Static Library";
		};
		156465EE182031D80000B985 /* PBXContainerItemProxy */ = {
			isa = PBXContainerItemProxy;
			containerPortal = 156465E3182031D70000B985 /* GEL-iOS.xcodeproj */;
			proxyType = 2;
			remoteGlobalIDString = 1AAD579617F4DAE80064BA71;
			remoteInfo = "GEL-iOSTests";
		};
		156465F0182031D80000B985 /* PBXContainerItemProxy */ = {
			isa = PBXContainerItemProxy;
			containerPortal = 156465E3182031D70000B985 /* GEL-iOS.xcodeproj */;
			proxyType = 2;
			remoteGlobalIDString = 1A9433EB17F4E7A3007FAC88;
			remoteInfo = "GEL-iOS Static LibraryTests";
		};
		156465F2182031E90000B985 /* PBXContainerItemProxy */ = {
			isa = PBXContainerItemProxy;
			containerPortal = 156465E3182031D70000B985 /* GEL-iOS.xcodeproj */;
			proxyType = 1;
			remoteGlobalIDString = 1A9433DD17F4E7A3007FAC88;
			remoteInfo = "GEL-iOS Static Library";
		};
/* End PBXContainerItemProxy section */

/* Begin PBXFileReference section */
		153B4E0918206CC100962DB2 /* PlateStartPoint.h */ = {isa = PBXFileReference; fileEncoding = 4; lastKnownFileType = sourcecode.c.h; path = PlateStartPoint.h; sourceTree = "<group>"; };
		153B4E0A18206CC100962DB2 /* PlateStartPoint.m */ = {isa = PBXFileReference; fileEncoding = 4; lastKnownFileType = sourcecode.c.objc; path = PlateStartPoint.m; sourceTree = "<group>"; };
		153B4E0D18206CC100962DB2 /* AGLKContext.h */ = {isa = PBXFileReference; fileEncoding = 4; lastKnownFileType = sourcecode.c.h; path = AGLKContext.h; sourceTree = "<group>"; };
		153B4E0E18206CC100962DB2 /* AGLKContext.m */ = {isa = PBXFileReference; fileEncoding = 4; lastKnownFileType = sourcecode.c.objc; path = AGLKContext.m; sourceTree = "<group>"; };
		153B4E0F18206CC100962DB2 /* AGLKVertexAttribArrayBuffer.h */ = {isa = PBXFileReference; fileEncoding = 4; lastKnownFileType = sourcecode.c.h; path = AGLKVertexAttribArrayBuffer.h; sourceTree = "<group>"; };
		153B4E1018206CC100962DB2 /* AGLKVertexAttribArrayBuffer.m */ = {isa = PBXFileReference; fileEncoding = 4; lastKnownFileType = sourcecode.c.objc; path = AGLKVertexAttribArrayBuffer.m; sourceTree = "<group>"; };
		153B4E1118206CC100962DB2 /* Mesh.h */ = {isa = PBXFileReference; fileEncoding = 4; lastKnownFileType = sourcecode.c.h; path = Mesh.h; sourceTree = "<group>"; };
		153B4E1218206CC100962DB2 /* Mesh.m */ = {isa = PBXFileReference; fileEncoding = 4; lastKnownFileType = sourcecode.c.objc; path = Mesh.m; sourceTree = "<group>"; };
		153B4E1518206CC100962DB2 /* PolygonMesh.h */ = {isa = PBXFileReference; fileEncoding = 4; lastKnownFileType = sourcecode.c.h; path = PolygonMesh.h; sourceTree = "<group>"; };
		153B4E1618206CC100962DB2 /* PolygonMesh.m */ = {isa = PBXFileReference; fileEncoding = 4; lastKnownFileType = sourcecode.c.objc; path = PolygonMesh.m; sourceTree = "<group>"; };
		153B4E1818206CC100962DB2 /* ShaderProgram.h */ = {isa = PBXFileReference; fileEncoding = 4; lastKnownFileType = sourcecode.c.h; path = ShaderProgram.h; sourceTree = "<group>"; };
		153B4E1918206CC100962DB2 /* ShaderProgram.m */ = {isa = PBXFileReference; fileEncoding = 4; lastKnownFileType = sourcecode.c.objc; path = ShaderProgram.m; sourceTree = "<group>"; };
		153B4E1B18206CC100962DB2 /* GyroRotationManager.h */ = {isa = PBXFileReference; fileEncoding = 4; lastKnownFileType = sourcecode.c.h; path = GyroRotationManager.h; sourceTree = "<group>"; };
		153B4E1C18206CC100962DB2 /* GyroRotationManager.m */ = {isa = PBXFileReference; fileEncoding = 4; lastKnownFileType = sourcecode.c.objc; path = GyroRotationManager.m; sourceTree = "<group>"; };
		153B4E1D18206CC100962DB2 /* RotationManager.h */ = {isa = PBXFileReference; fileEncoding = 4; lastKnownFileType = sourcecode.c.h; path = RotationManager.h; sourceTree = "<group>"; };
		153B4E1E18206CC100962DB2 /* RotationManager.m */ = {isa = PBXFileReference; fileEncoding = 4; lastKnownFileType = sourcecode.c.objc; path = RotationManager.m; sourceTree = "<group>"; };
		153B4E1F18206CC100962DB2 /* TranslationManager.h */ = {isa = PBXFileReference; fileEncoding = 4; lastKnownFileType = sourcecode.c.h; path = TranslationManager.h; sourceTree = "<group>"; };
		153B4E2018206CC100962DB2 /* TranslationManager.m */ = {isa = PBXFileReference; fileEncoding = 4; lastKnownFileType = sourcecode.c.objc; path = TranslationManager.m; sourceTree = "<group>"; };
		153B4E2118206CC100962DB2 /* ZoomManager.h */ = {isa = PBXFileReference; fileEncoding = 4; lastKnownFileType = sourcecode.c.h; path = ZoomManager.h; sourceTree = "<group>"; };
		153B4E2218206CC100962DB2 /* ZoomManager.m */ = {isa = PBXFileReference; fileEncoding = 4; lastKnownFileType = sourcecode.c.objc; path = ZoomManager.m; sourceTree = "<group>"; };
		153B4E2418206CC100962DB2 /* EulerAngles.c */ = {isa = PBXFileReference; fileEncoding = 4; lastKnownFileType = sourcecode.c.c; path = EulerAngles.c; sourceTree = "<group>"; };
		153B4E2518206CC100962DB2 /* EulerAngles.h */ = {isa = PBXFileReference; fileEncoding = 4; lastKnownFileType = sourcecode.c.h; path = EulerAngles.h; sourceTree = "<group>"; };
		153B4E2618206CC100962DB2 /* GLStructures.h */ = {isa = PBXFileReference; fileEncoding = 4; lastKnownFileType = sourcecode.c.h; path = GLStructures.h; sourceTree = "<group>"; };
		153B4E2718206CC100962DB2 /* Utilities.h */ = {isa = PBXFileReference; fileEncoding = 4; lastKnownFileType = sourcecode.c.h; path = Utilities.h; sourceTree = "<group>"; };
		153B4E2818206CC100962DB2 /* Utilities.m */ = {isa = PBXFileReference; fileEncoding = 4; lastKnownFileType = sourcecode.c.objc; path = Utilities.m; sourceTree = "<group>"; };
		153B4E2A18206CC100962DB2 /* DirectionalLight.fsh */ = {isa = PBXFileReference; fileEncoding = 4; lastKnownFileType = sourcecode.glsl; path = DirectionalLight.fsh; sourceTree = "<group>"; };
		153B4E2B18206CC100962DB2 /* DirectionalLight.vsh */ = {isa = PBXFileReference; fileEncoding = 4; lastKnownFileType = sourcecode.glsl; path = DirectionalLight.vsh; sourceTree = "<group>"; };
		153B4E2E18206CC200962DB2 /* DepthShader.fsh */ = {isa = PBXFileReference; fileEncoding = 4; lastKnownFileType = sourcecode.glsl; path = DepthShader.fsh; sourceTree = "<group>"; };
		153B4E2F18206CC200962DB2 /* DepthShader.vsh */ = {isa = PBXFileReference; fileEncoding = 4; lastKnownFileType = sourcecode.glsl; path = DepthShader.vsh; sourceTree = "<group>"; };
		153B4E3218206CC200962DB2 /* PointCloudRGBAShader.fsh */ = {isa = PBXFileReference; fileEncoding = 4; lastKnownFileType = sourcecode.glsl; path = PointCloudRGBAShader.fsh; sourceTree = "<group>"; };
		153B4E3318206CC200962DB2 /* PointCloudRGBAShader.vsh */ = {isa = PBXFileReference; fileEncoding = 4; lastKnownFileType = sourcecode.glsl; path = PointCloudRGBAShader.vsh; sourceTree = "<group>"; };
		153B4E3418206CC200962DB2 /* TextureShader.fsh */ = {isa = PBXFileReference; fileEncoding = 4; lastKnownFileType = sourcecode.glsl; path = TextureShader.fsh; sourceTree = "<group>"; };
		153B4E3518206CC200962DB2 /* TextureShader.vsh */ = {isa = PBXFileReference; fileEncoding = 4; lastKnownFileType = sourcecode.glsl; path = TextureShader.vsh; sourceTree = "<group>"; };
		1551ED6C18348F7F00855993 /* Line.h */ = {isa = PBXFileReference; fileEncoding = 4; lastKnownFileType = sourcecode.c.h; path = Line.h; sourceTree = "<group>"; };
		1551ED6D18348F7F00855993 /* Line.m */ = {isa = PBXFileReference; fileEncoding = 4; lastKnownFileType = sourcecode.c.objc; path = Line.m; sourceTree = "<group>"; };
		1553C232183EFF9300839072 /* simpleshader.vsh */ = {isa = PBXFileReference; fileEncoding = 4; lastKnownFileType = sourcecode.glsl; path = simpleshader.vsh; sourceTree = "<group>"; };
		1553C237183EFF9B00839072 /* simpleshader.fsh */ = {isa = PBXFileReference; fileEncoding = 4; lastKnownFileType = sourcecode.glsl; path = simpleshader.fsh; sourceTree = "<group>"; };
		1553C23B183F00A100839072 /* PolarAnnularMesh.h */ = {isa = PBXFileReference; fileEncoding = 4; lastKnownFileType = sourcecode.c.h; path = PolarAnnularMesh.h; sourceTree = "<group>"; };
		1553C23C183F00A100839072 /* PolarAnnularMesh.mm */ = {isa = PBXFileReference; fileEncoding = 4; lastKnownFileType = sourcecode.cpp.objcpp; path = PolarAnnularMesh.mm; sourceTree = "<group>"; };
		1557468C1840051400401921 /* Shader.fsh */ = {isa = PBXFileReference; fileEncoding = 4; lastKnownFileType = sourcecode.glsl; path = Shader.fsh; sourceTree = "<group>"; };
		1557468D1840051400401921 /* Shader.vsh */ = {isa = PBXFileReference; fileEncoding = 4; lastKnownFileType = sourcecode.glsl; path = Shader.vsh; sourceTree = "<group>"; };
		155746951840267000401921 /* Util.h */ = {isa = PBXFileReference; lastKnownFileType = sourcecode.c.h; path = Util.h; sourceTree = "<group>"; };
		156463E71820266E0000B985 /* PAM.app */ = {isa = PBXFileReference; explicitFileType = wrapper.application; includeInIndex = 0; path = PAM.app; sourceTree = BUILT_PRODUCTS_DIR; };
		156463EA1820266E0000B985 /* Foundation.framework */ = {isa = PBXFileReference; lastKnownFileType = wrapper.framework; name = Foundation.framework; path = System/Library/Frameworks/Foundation.framework; sourceTree = SDKROOT; };
		156463EC1820266E0000B985 /* CoreGraphics.framework */ = {isa = PBXFileReference; lastKnownFileType = wrapper.framework; name = CoreGraphics.framework; path = System/Library/Frameworks/CoreGraphics.framework; sourceTree = SDKROOT; };
		156463EE1820266E0000B985 /* UIKit.framework */ = {isa = PBXFileReference; lastKnownFileType = wrapper.framework; name = UIKit.framework; path = System/Library/Frameworks/UIKit.framework; sourceTree = SDKROOT; };
		156463F21820266E0000B985 /* PAM-Info.plist */ = {isa = PBXFileReference; lastKnownFileType = text.plist.xml; path = "PAM-Info.plist"; sourceTree = "<group>"; };
		156463F41820266E0000B985 /* en */ = {isa = PBXFileReference; lastKnownFileType = text.plist.strings; name = en; path = en.lproj/InfoPlist.strings; sourceTree = "<group>"; };
		156463F61820266E0000B985 /* main.m */ = {isa = PBXFileReference; lastKnownFileType = sourcecode.c.objc; path = main.m; sourceTree = "<group>"; };
		156463F81820266E0000B985 /* PAM-Prefix.pch */ = {isa = PBXFileReference; lastKnownFileType = sourcecode.c.h; path = "PAM-Prefix.pch"; sourceTree = "<group>"; };
		156463F91820266E0000B985 /* AppDelegate.h */ = {isa = PBXFileReference; lastKnownFileType = sourcecode.c.h; path = AppDelegate.h; sourceTree = "<group>"; };
		156463FA1820266E0000B985 /* AppDelegate.m */ = {isa = PBXFileReference; lastKnownFileType = sourcecode.c.objc; path = AppDelegate.m; sourceTree = "<group>"; };
		156463FC1820266E0000B985 /* Images.xcassets */ = {isa = PBXFileReference; lastKnownFileType = folder.assetcatalog; path = Images.xcassets; sourceTree = "<group>"; };
		156464021820266E0000B985 /* PAMTests.xctest */ = {isa = PBXFileReference; explicitFileType = wrapper.cfbundle; includeInIndex = 0; path = PAMTests.xctest; sourceTree = BUILT_PRODUCTS_DIR; };
		156464031820266E0000B985 /* XCTest.framework */ = {isa = PBXFileReference; lastKnownFileType = wrapper.framework; name = XCTest.framework; path = Library/Frameworks/XCTest.framework; sourceTree = DEVELOPER_DIR; };
		1564640B1820266E0000B985 /* PAMTests-Info.plist */ = {isa = PBXFileReference; lastKnownFileType = text.plist.xml; path = "PAMTests-Info.plist"; sourceTree = "<group>"; };
		1564640D1820266E0000B985 /* en */ = {isa = PBXFileReference; lastKnownFileType = text.plist.strings; name = en; path = en.lproj/InfoPlist.strings; sourceTree = "<group>"; };
		1564640F1820266E0000B985 /* PAMTests.m */ = {isa = PBXFileReference; lastKnownFileType = sourcecode.c.objc; path = PAMTests.m; sourceTree = "<group>"; };
		156465E3182031D70000B985 /* GEL-iOS.xcodeproj */ = {isa = PBXFileReference; lastKnownFileType = "wrapper.pb-project"; name = "GEL-iOS.xcodeproj"; path = "GEL-iOS/GEL-iOS/GEL-iOS.xcodeproj"; sourceTree = "<group>"; };
		156465F9182032840000B985 /* GLKit.framework */ = {isa = PBXFileReference; lastKnownFileType = wrapper.framework; name = GLKit.framework; path = System/Library/Frameworks/GLKit.framework; sourceTree = SDKROOT; };
		156465FB182032870000B985 /* OpenGLES.framework */ = {isa = PBXFileReference; lastKnownFileType = wrapper.framework; name = OpenGLES.framework; path = System/Library/Frameworks/OpenGLES.framework; sourceTree = SDKROOT; };
		156465FE182033920000B985 /* BaseQuadMeshViewController.h */ = {isa = PBXFileReference; fileEncoding = 4; lastKnownFileType = sourcecode.c.h; path = BaseQuadMeshViewController.h; sourceTree = "<group>"; };
		156465FF182033920000B985 /* BaseQuadMeshViewController.m */ = {isa = PBXFileReference; fileEncoding = 4; lastKnownFileType = sourcecode.c.objc; path = BaseQuadMeshViewController.m; sourceTree = "<group>"; };
		15646600182033920000B985 /* MeshLoader.h */ = {isa = PBXFileReference; fileEncoding = 4; lastKnownFileType = sourcecode.c.h; path = MeshLoader.h; sourceTree = "<group>"; };
		15646601182033920000B985 /* MeshLoader.mm */ = {isa = PBXFileReference; fileEncoding = 4; lastKnownFileType = sourcecode.cpp.objcpp; path = MeshLoader.mm; sourceTree = "<group>"; };
		15646603182033920000B985 /* 3DFile.obj */ = {isa = PBXFileReference; fileEncoding = 4; lastKnownFileType = text; path = 3DFile.obj; sourceTree = "<group>"; };
		15646604182033920000B985 /* mesh.obj */ = {isa = PBXFileReference; fileEncoding = 4; lastKnownFileType = text; path = mesh.obj; sourceTree = "<group>"; };
		15646605182033920000B985 /* newPolars.obj */ = {isa = PBXFileReference; fileEncoding = 4; lastKnownFileType = text; path = newPolars.obj; sourceTree = "<group>"; };
		15646606182033920000B985 /* newTEST.obj */ = {isa = PBXFileReference; fileEncoding = 4; lastKnownFileType = text; path = newTEST.obj; sourceTree = "<group>"; };
		15646607182033920000B985 /* teapot.obj */ = {isa = PBXFileReference; fileEncoding = 4; lastKnownFileType = text; path = teapot.obj; sourceTree = "<group>"; };
		15646608182033920000B985 /* QuadMeshViewController.h */ = {isa = PBXFileReference; fileEncoding = 4; lastKnownFileType = sourcecode.c.h; path = QuadMeshViewController.h; sourceTree = "<group>"; };
		15646609182033920000B985 /* QuadMeshViewController.mm */ = {isa = PBXFileReference; fileEncoding = 4; lastKnownFileType = sourcecode.cpp.objcpp; path = QuadMeshViewController.mm; sourceTree = "<group>"; };
		1564660C182033920000B985 /* WireFrame.h */ = {isa = PBXFileReference; fileEncoding = 4; lastKnownFileType = sourcecode.c.h; path = WireFrame.h; sourceTree = "<group>"; };
		1564660D182033920000B985 /* WireFrame.m */ = {isa = PBXFileReference; fileEncoding = 4; lastKnownFileType = sourcecode.c.objc; path = WireFrame.m; sourceTree = "<group>"; };
		158D8BB41841765C00FA8AFB /* sphere_mid_res.obj */ = {isa = PBXFileReference; fileEncoding = 4; lastKnownFileType = text; path = sphere_mid_res.obj; sourceTree = "<group>"; };
		15BB316C186ABC6D001EE9E9 /* SettingsViewController.h */ = {isa = PBXFileReference; fileEncoding = 4; lastKnownFileType = sourcecode.c.h; path = SettingsViewController.h; sourceTree = "<group>"; };
		15BB316D186ABC6D001EE9E9 /* SettingsViewController.m */ = {isa = PBXFileReference; fileEncoding = 4; lastKnownFileType = sourcecode.c.objc; path = SettingsViewController.m; sourceTree = "<group>"; };
		15BB3170186ABF1B001EE9E9 /* SettingsManager.h */ = {isa = PBXFileReference; fileEncoding = 4; lastKnownFileType = sourcecode.c.h; path = SettingsManager.h; sourceTree = "<group>"; };
		15BB3171186ABF1B001EE9E9 /* SettingsManager.m */ = {isa = PBXFileReference; fileEncoding = 4; lastKnownFileType = sourcecode.c.objc; path = SettingsManager.m; sourceTree = "<group>"; };
		15BB3174186E5AFC001EE9E9 /* PAMPanGestureRecognizer.h */ = {isa = PBXFileReference; fileEncoding = 4; lastKnownFileType = sourcecode.c.h; name = PAMPanGestureRecognizer.h; path = "Gesture Recongnizers/PAMPanGestureRecognizer.h"; sourceTree = "<group>"; };
		15BB3175186E5AFC001EE9E9 /* PAMPanGestureRecognizer.m */ = {isa = PBXFileReference; fileEncoding = 4; lastKnownFileType = sourcecode.c.objc; name = PAMPanGestureRecognizer.m; path = "Gesture Recongnizers/PAMPanGestureRecognizer.m"; sourceTree = "<group>"; };
		1A408F3818357A8D0044E48E /* sphere.obj */ = {isa = PBXFileReference; fileEncoding = 4; lastKnownFileType = text; path = sphere.obj; sourceTree = "<group>"; };
		1A408F3D18357BAB0044E48E /* quad_sphere.obj */ = {isa = PBXFileReference; fileEncoding = 4; lastKnownFileType = text; path = quad_sphere.obj; sourceTree = "<group>"; };
		1A408F3F18357CAA0044E48E /* quad_sphere_high_res.obj */ = {isa = PBXFileReference; fileEncoding = 4; lastKnownFileType = text; path = quad_sphere_high_res.obj; sourceTree = "<group>"; };
		1A9438AB1832F3D40081F188 /* UITwoFingerHoldGestureRecognizer.h */ = {isa = PBXFileReference; fileEncoding = 4; lastKnownFileType = sourcecode.c.h; name = UITwoFingerHoldGestureRecognizer.h; path = Classes/QuadMeshProject/UITwoFingerHoldGestureRecognizer.h; sourceTree = "<group>"; };
		1A9438AC1832F3D40081F188 /* UITwoFingerHoldGestureRecognizer.m */ = {isa = PBXFileReference; fileEncoding = 4; lastKnownFileType = sourcecode.c.objc; name = UITwoFingerHoldGestureRecognizer.m; path = Classes/QuadMeshProject/UITwoFingerHoldGestureRecognizer.m; sourceTree = "<group>"; };
		1A976FBE184683EF0022AC3D /* PAMUtilities.h */ = {isa = PBXFileReference; fileEncoding = 4; lastKnownFileType = sourcecode.c.h; path = PAMUtilities.h; sourceTree = "<group>"; };
		1A976FBF184683EF0022AC3D /* PAMUtilities.mm */ = {isa = PBXFileReference; fileEncoding = 4; lastKnownFileType = sourcecode.cpp.objcpp; path = PAMUtilities.mm; sourceTree = "<group>"; };
/* End PBXFileReference section */

/* Begin PBXFrameworksBuildPhase section */
		156463E41820266E0000B985 /* Frameworks */ = {
			isa = PBXFrameworksBuildPhase;
			buildActionMask = 2147483647;
			files = (
				156465FC182032870000B985 /* OpenGLES.framework in Frameworks */,
				156465FA182032840000B985 /* GLKit.framework in Frameworks */,
				156465F4182031EB0000B985 /* libGEL-iOS Static Library.a in Frameworks */,
				156463ED1820266E0000B985 /* CoreGraphics.framework in Frameworks */,
				156463EF1820266E0000B985 /* UIKit.framework in Frameworks */,
				156463EB1820266E0000B985 /* Foundation.framework in Frameworks */,
			);
			runOnlyForDeploymentPostprocessing = 0;
		};
		156463FF1820266E0000B985 /* Frameworks */ = {
			isa = PBXFrameworksBuildPhase;
			buildActionMask = 2147483647;
			files = (
				156464041820266E0000B985 /* XCTest.framework in Frameworks */,
				156464061820266E0000B985 /* UIKit.framework in Frameworks */,
				156464051820266E0000B985 /* Foundation.framework in Frameworks */,
			);
			runOnlyForDeploymentPostprocessing = 0;
		};
/* End PBXFrameworksBuildPhase section */

/* Begin PBXGroup section */
		153B4E0818206CC100962DB2 /* 3DModels */ = {
			isa = PBXGroup;
			children = (
				1551ED6C18348F7F00855993 /* Line.h */,
				1551ED6D18348F7F00855993 /* Line.m */,
				153B4E0918206CC100962DB2 /* PlateStartPoint.h */,
				153B4E0A18206CC100962DB2 /* PlateStartPoint.m */,
			);
			name = 3DModels;
			path = Classes/3DModels;
			sourceTree = "<group>";
		};
		153B4E0B18206CC100962DB2 /* GLEngine */ = {
			isa = PBXGroup;
			children = (
				153B4E0C18206CC100962DB2 /* AGLKit */,
				153B4E1118206CC100962DB2 /* Mesh.h */,
				153B4E1218206CC100962DB2 /* Mesh.m */,
				153B4E1518206CC100962DB2 /* PolygonMesh.h */,
				153B4E1618206CC100962DB2 /* PolygonMesh.m */,
				153B4E1718206CC100962DB2 /* Shaders */,
				153B4E1A18206CC100962DB2 /* Transformations */,
				153B4E2318206CC100962DB2 /* Utilities */,
			);
			name = GLEngine;
			path = Classes/GLEngine;
			sourceTree = "<group>";
		};
		153B4E0C18206CC100962DB2 /* AGLKit */ = {
			isa = PBXGroup;
			children = (
				153B4E0D18206CC100962DB2 /* AGLKContext.h */,
				153B4E0E18206CC100962DB2 /* AGLKContext.m */,
				153B4E0F18206CC100962DB2 /* AGLKVertexAttribArrayBuffer.h */,
				153B4E1018206CC100962DB2 /* AGLKVertexAttribArrayBuffer.m */,
			);
			path = AGLKit;
			sourceTree = "<group>";
		};
		153B4E1718206CC100962DB2 /* Shaders */ = {
			isa = PBXGroup;
			children = (
				153B4E1818206CC100962DB2 /* ShaderProgram.h */,
				153B4E1918206CC100962DB2 /* ShaderProgram.m */,
			);
			path = Shaders;
			sourceTree = "<group>";
		};
		153B4E1A18206CC100962DB2 /* Transformations */ = {
			isa = PBXGroup;
			children = (
				153B4E1B18206CC100962DB2 /* GyroRotationManager.h */,
				153B4E1C18206CC100962DB2 /* GyroRotationManager.m */,
				153B4E1D18206CC100962DB2 /* RotationManager.h */,
				153B4E1E18206CC100962DB2 /* RotationManager.m */,
				153B4E1F18206CC100962DB2 /* TranslationManager.h */,
				153B4E2018206CC100962DB2 /* TranslationManager.m */,
				153B4E2118206CC100962DB2 /* ZoomManager.h */,
				153B4E2218206CC100962DB2 /* ZoomManager.m */,
			);
			path = Transformations;
			sourceTree = "<group>";
		};
		153B4E2318206CC100962DB2 /* Utilities */ = {
			isa = PBXGroup;
			children = (
				153B4E2418206CC100962DB2 /* EulerAngles.c */,
				153B4E2518206CC100962DB2 /* EulerAngles.h */,
				153B4E2618206CC100962DB2 /* GLStructures.h */,
				153B4E2718206CC100962DB2 /* Utilities.h */,
				153B4E2818206CC100962DB2 /* Utilities.m */,
			);
			path = Utilities;
			sourceTree = "<group>";
		};
		153B4E2918206CC100962DB2 /* Shaders */ = {
			isa = PBXGroup;
			children = (
				1557468C1840051400401921 /* Shader.fsh */,
				1557468D1840051400401921 /* Shader.vsh */,
				153B4E2A18206CC100962DB2 /* DirectionalLight.fsh */,
				153B4E2B18206CC100962DB2 /* DirectionalLight.vsh */,
				153B4E2E18206CC200962DB2 /* DepthShader.fsh */,
				153B4E2F18206CC200962DB2 /* DepthShader.vsh */,
				153B4E3218206CC200962DB2 /* PointCloudRGBAShader.fsh */,
				153B4E3318206CC200962DB2 /* PointCloudRGBAShader.vsh */,
				153B4E3418206CC200962DB2 /* TextureShader.fsh */,
				153B4E3518206CC200962DB2 /* TextureShader.vsh */,
				1553C237183EFF9B00839072 /* simpleshader.fsh */,
				1553C232183EFF9300839072 /* simpleshader.vsh */,
			);
			name = Shaders;
			path = Classes/Shaders;
			sourceTree = "<group>";
		};
		156463DE1820266E0000B985 = {
			isa = PBXGroup;
			children = (
				156465E3182031D70000B985 /* GEL-iOS.xcodeproj */,
				156463F01820266E0000B985 /* PAM */,
				156464091820266E0000B985 /* PAMTests */,
				156463E91820266E0000B985 /* Frameworks */,
				156463E81820266E0000B985 /* Products */,
			);
			sourceTree = "<group>";
		};
		156463E81820266E0000B985 /* Products */ = {
			isa = PBXGroup;
			children = (
				156463E71820266E0000B985 /* PAM.app */,
				156464021820266E0000B985 /* PAMTests.xctest */,
			);
			name = Products;
			sourceTree = "<group>";
		};
		156463E91820266E0000B985 /* Frameworks */ = {
			isa = PBXGroup;
			children = (
				156465FB182032870000B985 /* OpenGLES.framework */,
				156465F9182032840000B985 /* GLKit.framework */,
				156463EA1820266E0000B985 /* Foundation.framework */,
				156463EC1820266E0000B985 /* CoreGraphics.framework */,
				156463EE1820266E0000B985 /* UIKit.framework */,
				156464031820266E0000B985 /* XCTest.framework */,
			);
			name = Frameworks;
			sourceTree = "<group>";
		};
		156463F01820266E0000B985 /* PAM */ = {
			isa = PBXGroup;
			children = (
				1A9438AA1832F39F0081F188 /* Helpers */,
				15646602182033920000B985 /* ObjFiles */,
				153B4E0818206CC100962DB2 /* 3DModels */,
				153B4E0B18206CC100962DB2 /* GLEngine */,
				153B4E2918206CC100962DB2 /* Shaders */,
				156465FD182033920000B985 /* QuadMeshProject */,
				156463F91820266E0000B985 /* AppDelegate.h */,
				156463FA1820266E0000B985 /* AppDelegate.m */,
				156463FC1820266E0000B985 /* Images.xcassets */,
				156463F11820266E0000B985 /* Supporting Files */,
			);
			path = PAM;
			sourceTree = "<group>";
		};
		156463F11820266E0000B985 /* Supporting Files */ = {
			isa = PBXGroup;
			children = (
				156463F21820266E0000B985 /* PAM-Info.plist */,
				156463F31820266E0000B985 /* InfoPlist.strings */,
				156463F61820266E0000B985 /* main.m */,
				156463F81820266E0000B985 /* PAM-Prefix.pch */,
			);
			name = "Supporting Files";
			sourceTree = "<group>";
		};
		156464091820266E0000B985 /* PAMTests */ = {
			isa = PBXGroup;
			children = (
				1564640F1820266E0000B985 /* PAMTests.m */,
				1564640A1820266E0000B985 /* Supporting Files */,
			);
			path = PAMTests;
			sourceTree = "<group>";
		};
		1564640A1820266E0000B985 /* Supporting Files */ = {
			isa = PBXGroup;
			children = (
				1564640B1820266E0000B985 /* PAMTests-Info.plist */,
				1564640C1820266E0000B985 /* InfoPlist.strings */,
			);
			name = "Supporting Files";
			sourceTree = "<group>";
		};
		156465E4182031D70000B985 /* Products */ = {
			isa = PBXGroup;
			children = (
				156465EB182031D80000B985 /* GEL-iOS.app */,
				156465ED182031D80000B985 /* libGEL-iOS Static Library.a */,
				156465EF182031D80000B985 /* GEL-iOSTests.xctest */,
				156465F1182031D80000B985 /* GEL-iOS Static LibraryTests.xctest */,
			);
			name = Products;
			sourceTree = "<group>";
		};
		156465FD182033920000B985 /* QuadMeshProject */ = {
			isa = PBXGroup;
			children = (
				15BB3173186E5A32001EE9E9 /* Gesture Recognizers */,
				15BB316F186ABF03001EE9E9 /* Managers */,
				15BB3168186ABC26001EE9E9 /* ViewControllers */,
				15646600182033920000B985 /* MeshLoader.h */,
				15646601182033920000B985 /* MeshLoader.mm */,
				1564660C182033920000B985 /* WireFrame.h */,
				1564660D182033920000B985 /* WireFrame.m */,
				1553C23B183F00A100839072 /* PolarAnnularMesh.h */,
				1553C23C183F00A100839072 /* PolarAnnularMesh.mm */,
				1A976FBE184683EF0022AC3D /* PAMUtilities.h */,
				1A976FBF184683EF0022AC3D /* PAMUtilities.mm */,
			);
			name = QuadMeshProject;
			path = Classes/QuadMeshProject;
			sourceTree = "<group>";
		};
		15646602182033920000B985 /* ObjFiles */ = {
			isa = PBXGroup;
			children = (
				158D8BB41841765C00FA8AFB /* sphere_mid_res.obj */,
				1A408F3F18357CAA0044E48E /* quad_sphere_high_res.obj */,
				1A408F3D18357BAB0044E48E /* quad_sphere.obj */,
				1A408F3818357A8D0044E48E /* sphere.obj */,
				15646603182033920000B985 /* 3DFile.obj */,
				15646604182033920000B985 /* mesh.obj */,
				15646605182033920000B985 /* newPolars.obj */,
				15646606182033920000B985 /* newTEST.obj */,
				15646607182033920000B985 /* teapot.obj */,
			);
			name = ObjFiles;
			path = Classes/QuadMeshProject/ObjFiles;
			sourceTree = "<group>";
		};
		15BB3168186ABC26001EE9E9 /* ViewControllers */ = {
			isa = PBXGroup;
			children = (
				156465FE182033920000B985 /* BaseQuadMeshViewController.h */,
				156465FF182033920000B985 /* BaseQuadMeshViewController.m */,
				15646608182033920000B985 /* QuadMeshViewController.h */,
				15646609182033920000B985 /* QuadMeshViewController.mm */,
				15BB316C186ABC6D001EE9E9 /* SettingsViewController.h */,
				15BB316D186ABC6D001EE9E9 /* SettingsViewController.m */,
			);
			name = ViewControllers;
			sourceTree = "<group>";
		};
		15BB316F186ABF03001EE9E9 /* Managers */ = {
			isa = PBXGroup;
			children = (
				15BB3170186ABF1B001EE9E9 /* SettingsManager.h */,
				15BB3171186ABF1B001EE9E9 /* SettingsManager.m */,
			);
			name = Managers;
			sourceTree = "<group>";
		};
		15BB3173186E5A32001EE9E9 /* Gesture Recognizers */ = {
			isa = PBXGroup;
			children = (
				15BB3174186E5AFC001EE9E9 /* PAMPanGestureRecognizer.h */,
				15BB3175186E5AFC001EE9E9 /* PAMPanGestureRecognizer.m */,
			);
			name = "Gesture Recognizers";
			sourceTree = "<group>";
		};
		1A9438AA1832F39F0081F188 /* Helpers */ = {
			isa = PBXGroup;
			children = (
				1A9438AB1832F3D40081F188 /* UITwoFingerHoldGestureRecognizer.h */,
				1A9438AC1832F3D40081F188 /* UITwoFingerHoldGestureRecognizer.m */,
				155746951840267000401921 /* Util.h */,
			);
			name = Helpers;
			sourceTree = "<group>";
		};
/* End PBXGroup section */

/* Begin PBXNativeTarget section */
		156463E61820266E0000B985 /* PAM */ = {
			isa = PBXNativeTarget;
			buildConfigurationList = 156464131820266E0000B985 /* Build configuration list for PBXNativeTarget "PAM" */;
			buildPhases = (
				156463E31820266E0000B985 /* Sources */,
				156463E41820266E0000B985 /* Frameworks */,
				156463E51820266E0000B985 /* Resources */,
			);
			buildRules = (
			);
			dependencies = (
				156465F3182031E90000B985 /* PBXTargetDependency */,
			);
			name = PAM;
			productName = PAM;
			productReference = 156463E71820266E0000B985 /* PAM.app */;
			productType = "com.apple.product-type.application";
		};
		156464011820266E0000B985 /* PAMTests */ = {
			isa = PBXNativeTarget;
			buildConfigurationList = 156464161820266E0000B985 /* Build configuration list for PBXNativeTarget "PAMTests" */;
			buildPhases = (
				156463FE1820266E0000B985 /* Sources */,
				156463FF1820266E0000B985 /* Frameworks */,
				156464001820266E0000B985 /* Resources */,
			);
			buildRules = (
			);
			dependencies = (
				156464081820266E0000B985 /* PBXTargetDependency */,
			);
			name = PAMTests;
			productName = PAMTests;
			productReference = 156464021820266E0000B985 /* PAMTests.xctest */;
			productType = "com.apple.product-type.bundle.unit-test";
		};
/* End PBXNativeTarget section */

/* Begin PBXProject section */
		156463DF1820266E0000B985 /* Project object */ = {
			isa = PBXProject;
			attributes = {
				LastUpgradeCheck = 0500;
				ORGANIZATIONNAME = "Rinat Abdrashitov";
				TargetAttributes = {
					156463E61820266E0000B985 = {
						DevelopmentTeam = S9DA2LPXVJ;
					};
					156464011820266E0000B985 = {
						TestTargetID = 156463E61820266E0000B985;
					};
				};
			};
			buildConfigurationList = 156463E21820266E0000B985 /* Build configuration list for PBXProject "PAM" */;
			compatibilityVersion = "Xcode 3.2";
			developmentRegion = English;
			hasScannedForEncodings = 0;
			knownRegions = (
				en,
			);
			mainGroup = 156463DE1820266E0000B985;
			productRefGroup = 156463E81820266E0000B985 /* Products */;
			projectDirPath = "";
			projectReferences = (
				{
					ProductGroup = 156465E4182031D70000B985 /* Products */;
					ProjectRef = 156465E3182031D70000B985 /* GEL-iOS.xcodeproj */;
				},
			);
			projectRoot = "";
			targets = (
				156463E61820266E0000B985 /* PAM */,
				156464011820266E0000B985 /* PAMTests */,
			);
		};
/* End PBXProject section */

/* Begin PBXReferenceProxy section */
		156465EB182031D80000B985 /* GEL-iOS.app */ = {
			isa = PBXReferenceProxy;
			fileType = wrapper.application;
			path = "GEL-iOS.app";
			remoteRef = 156465EA182031D80000B985 /* PBXContainerItemProxy */;
			sourceTree = BUILT_PRODUCTS_DIR;
		};
		156465ED182031D80000B985 /* libGEL-iOS Static Library.a */ = {
			isa = PBXReferenceProxy;
			fileType = archive.ar;
			path = "libGEL-iOS Static Library.a";
			remoteRef = 156465EC182031D80000B985 /* PBXContainerItemProxy */;
			sourceTree = BUILT_PRODUCTS_DIR;
		};
		156465EF182031D80000B985 /* GEL-iOSTests.xctest */ = {
			isa = PBXReferenceProxy;
			fileType = wrapper.cfbundle;
			path = "GEL-iOSTests.xctest";
			remoteRef = 156465EE182031D80000B985 /* PBXContainerItemProxy */;
			sourceTree = BUILT_PRODUCTS_DIR;
		};
		156465F1182031D80000B985 /* GEL-iOS Static LibraryTests.xctest */ = {
			isa = PBXReferenceProxy;
			fileType = wrapper.cfbundle;
			path = "GEL-iOS Static LibraryTests.xctest";
			remoteRef = 156465F0182031D80000B985 /* PBXContainerItemProxy */;
			sourceTree = BUILT_PRODUCTS_DIR;
		};
/* End PBXReferenceProxy section */

/* Begin PBXResourcesBuildPhase section */
		156463E51820266E0000B985 /* Resources */ = {
			isa = PBXResourcesBuildPhase;
			buildActionMask = 2147483647;
			files = (
				155746931840052700401921 /* Shader.fsh in Resources */,
				155746941840052700401921 /* Shader.vsh in Resources */,
				1553C239183EFFB300839072 /* simpleshader.vsh in Resources */,
				1553C23A183EFFB300839072 /* simpleshader.fsh in Resources */,
				153B4E4F18206CF400962DB2 /* DirectionalLight.fsh in Resources */,
				153B4E5018206CF400962DB2 /* DirectionalLight.vsh in Resources */,
				153B4E5318206CF400962DB2 /* DepthShader.fsh in Resources */,
				153B4E5418206CF400962DB2 /* DepthShader.vsh in Resources */,
				153B4E5718206CF400962DB2 /* PointCloudRGBAShader.fsh in Resources */,
				153B4E5818206CF400962DB2 /* PointCloudRGBAShader.vsh in Resources */,
				153B4E5918206CF400962DB2 /* TextureShader.fsh in Resources */,
				1A408F3E18357BAB0044E48E /* quad_sphere.obj in Resources */,
				153B4E5A18206CF400962DB2 /* TextureShader.vsh in Resources */,
				15646613182033920000B985 /* newTEST.obj in Resources */,
				156463F51820266E0000B985 /* InfoPlist.strings in Resources */,
				1A408F3918357A8D0044E48E /* sphere.obj in Resources */,
				1A408F4018357CAA0044E48E /* quad_sphere_high_res.obj in Resources */,
				15646610182033920000B985 /* 3DFile.obj in Resources */,
				15646611182033920000B985 /* mesh.obj in Resources */,
				15646614182033920000B985 /* teapot.obj in Resources */,
				15646612182033920000B985 /* newPolars.obj in Resources */,
				156463FD1820266E0000B985 /* Images.xcassets in Resources */,
				158D8BB51841765C00FA8AFB /* sphere_mid_res.obj in Resources */,
			);
			runOnlyForDeploymentPostprocessing = 0;
		};
		156464001820266E0000B985 /* Resources */ = {
			isa = PBXResourcesBuildPhase;
			buildActionMask = 2147483647;
			files = (
				1564640E1820266E0000B985 /* InfoPlist.strings in Resources */,
			);
			runOnlyForDeploymentPostprocessing = 0;
		};
/* End PBXResourcesBuildPhase section */

/* Begin PBXSourcesBuildPhase section */
		156463E31820266E0000B985 /* Sources */ = {
			isa = PBXSourcesBuildPhase;
			buildActionMask = 2147483647;
			files = (
				153B4E4118206CC200962DB2 /* EulerAngles.c in Sources */,
				15646617182033920000B985 /* WireFrame.m in Sources */,
				15BB316E186ABC6D001EE9E9 /* SettingsViewController.m in Sources */,
				153B4E3D18206CC200962DB2 /* GyroRotationManager.m in Sources */,
				153B4E3918206CC200962DB2 /* Mesh.m in Sources */,
				153B4E3C18206CC200962DB2 /* ShaderProgram.m in Sources */,
				1A9438AD1832F3D40081F188 /* UITwoFingerHoldGestureRecognizer.m in Sources */,
				153B4E3818206CC200962DB2 /* AGLKVertexAttribArrayBuffer.m in Sources */,
				153B4E4018206CC200962DB2 /* ZoomManager.m in Sources */,
				153B4E3B18206CC200962DB2 /* PolygonMesh.m in Sources */,
				153B4E3F18206CC200962DB2 /* TranslationManager.m in Sources */,
				153B4E3E18206CC200962DB2 /* RotationManager.m in Sources */,
				153B4E3618206CC200962DB2 /* PlateStartPoint.m in Sources */,
				156463FB1820266E0000B985 /* AppDelegate.m in Sources */,
				153B4E3718206CC200962DB2 /* AGLKContext.m in Sources */,
				153B4E4218206CC200962DB2 /* Utilities.m in Sources */,
				15BB3172186ABF1B001EE9E9 /* SettingsManager.m in Sources */,
				15BB3176186E5AFC001EE9E9 /* PAMPanGestureRecognizer.m in Sources */,
				1551ED6E18348F7F00855993 /* Line.m in Sources */,
				1553C23D183F00A100839072 /* PolarAnnularMesh.mm in Sources */,
				1A976FC0184683EF0022AC3D /* PAMUtilities.mm in Sources */,
				1564660F182033920000B985 /* MeshLoader.mm in Sources */,
				156463F71820266E0000B985 /* main.m in Sources */,
				15646615182033920000B985 /* QuadMeshViewController.mm in Sources */,
				1564660E182033920000B985 /* BaseQuadMeshViewController.m in Sources */,
			);
			runOnlyForDeploymentPostprocessing = 0;
		};
		156463FE1820266E0000B985 /* Sources */ = {
			isa = PBXSourcesBuildPhase;
			buildActionMask = 2147483647;
			files = (
				156464101820266E0000B985 /* PAMTests.m in Sources */,
			);
			runOnlyForDeploymentPostprocessing = 0;
		};
/* End PBXSourcesBuildPhase section */

/* Begin PBXTargetDependency section */
		156464081820266E0000B985 /* PBXTargetDependency */ = {
			isa = PBXTargetDependency;
			target = 156463E61820266E0000B985 /* PAM */;
			targetProxy = 156464071820266E0000B985 /* PBXContainerItemProxy */;
		};
		156465F3182031E90000B985 /* PBXTargetDependency */ = {
			isa = PBXTargetDependency;
			name = "GEL-iOS Static Library";
			targetProxy = 156465F2182031E90000B985 /* PBXContainerItemProxy */;
		};
/* End PBXTargetDependency section */

/* Begin PBXVariantGroup section */
		156463F31820266E0000B985 /* InfoPlist.strings */ = {
			isa = PBXVariantGroup;
			children = (
				156463F41820266E0000B985 /* en */,
			);
			name = InfoPlist.strings;
			sourceTree = "<group>";
		};
		1564640C1820266E0000B985 /* InfoPlist.strings */ = {
			isa = PBXVariantGroup;
			children = (
				1564640D1820266E0000B985 /* en */,
			);
			name = InfoPlist.strings;
			sourceTree = "<group>";
		};
/* End PBXVariantGroup section */

/* Begin XCBuildConfiguration section */
		156464111820266E0000B985 /* Debug */ = {
			isa = XCBuildConfiguration;
			buildSettings = {
				ALWAYS_SEARCH_USER_PATHS = NO;
				ARCHS = "$(ARCHS_STANDARD_INCLUDING_64_BIT)";
				CLANG_CXX_LANGUAGE_STANDARD = "gnu++0x";
				CLANG_CXX_LIBRARY = "libc++";
				CLANG_ENABLE_MODULES = YES;
				CLANG_ENABLE_OBJC_ARC = YES;
				CLANG_WARN_BOOL_CONVERSION = YES;
				CLANG_WARN_CONSTANT_CONVERSION = YES;
				CLANG_WARN_DIRECT_OBJC_ISA_USAGE = YES_ERROR;
				CLANG_WARN_EMPTY_BODY = YES;
				CLANG_WARN_ENUM_CONVERSION = YES;
				CLANG_WARN_INT_CONVERSION = YES;
				CLANG_WARN_OBJC_ROOT_CLASS = YES_ERROR;
				CLANG_WARN__DUPLICATE_METHOD_MATCH = YES;
				"CODE_SIGN_IDENTITY[sdk=iphoneos*]" = "iPhone Developer";
				COPY_PHASE_STRIP = NO;
				GCC_C_LANGUAGE_STANDARD = gnu99;
				GCC_DYNAMIC_NO_PIC = NO;
				GCC_OPTIMIZATION_LEVEL = 0;
				GCC_PREPROCESSOR_DEFINITIONS = (
					"DEBUG=1",
					"$(inherited)",
				);
				GCC_SYMBOLS_PRIVATE_EXTERN = NO;
				GCC_WARN_64_TO_32_BIT_CONVERSION = YES;
				GCC_WARN_ABOUT_RETURN_TYPE = YES_ERROR;
				GCC_WARN_UNDECLARED_SELECTOR = YES;
				GCC_WARN_UNINITIALIZED_AUTOS = YES;
				GCC_WARN_UNUSED_FUNCTION = YES;
				GCC_WARN_UNUSED_VARIABLE = YES;
				IPHONEOS_DEPLOYMENT_TARGET = 6.0;
				ONLY_ACTIVE_ARCH = YES;
				SDKROOT = iphoneos;
				TARGETED_DEVICE_FAMILY = "1,2";
			};
			name = Debug;
		};
		156464121820266E0000B985 /* Release */ = {
			isa = XCBuildConfiguration;
			buildSettings = {
				ALWAYS_SEARCH_USER_PATHS = NO;
				ARCHS = "$(ARCHS_STANDARD_INCLUDING_64_BIT)";
				CLANG_CXX_LANGUAGE_STANDARD = "gnu++0x";
				CLANG_CXX_LIBRARY = "libc++";
				CLANG_ENABLE_MODULES = YES;
				CLANG_ENABLE_OBJC_ARC = YES;
				CLANG_WARN_BOOL_CONVERSION = YES;
				CLANG_WARN_CONSTANT_CONVERSION = YES;
				CLANG_WARN_DIRECT_OBJC_ISA_USAGE = YES_ERROR;
				CLANG_WARN_EMPTY_BODY = YES;
				CLANG_WARN_ENUM_CONVERSION = YES;
				CLANG_WARN_INT_CONVERSION = YES;
				CLANG_WARN_OBJC_ROOT_CLASS = YES_ERROR;
				CLANG_WARN__DUPLICATE_METHOD_MATCH = YES;
				"CODE_SIGN_IDENTITY[sdk=iphoneos*]" = "iPhone Developer";
				COPY_PHASE_STRIP = YES;
				ENABLE_NS_ASSERTIONS = NO;
				GCC_C_LANGUAGE_STANDARD = gnu99;
				GCC_WARN_64_TO_32_BIT_CONVERSION = YES;
				GCC_WARN_ABOUT_RETURN_TYPE = YES_ERROR;
				GCC_WARN_UNDECLARED_SELECTOR = YES;
				GCC_WARN_UNINITIALIZED_AUTOS = YES;
				GCC_WARN_UNUSED_FUNCTION = YES;
				GCC_WARN_UNUSED_VARIABLE = YES;
				IPHONEOS_DEPLOYMENT_TARGET = 6.0;
				SDKROOT = iphoneos;
				TARGETED_DEVICE_FAMILY = "1,2";
				VALIDATE_PRODUCT = YES;
			};
			name = Release;
		};
		156464141820266E0000B985 /* Debug */ = {
			isa = XCBuildConfiguration;
			buildSettings = {
				ASSETCATALOG_COMPILER_APPICON_NAME = AppIcon;
				ASSETCATALOG_COMPILER_LAUNCHIMAGE_NAME = LaunchImage;
				CODE_SIGN_IDENTITY = "iPhone Developer";
				"CODE_SIGN_IDENTITY[sdk=iphoneos*]" = "iPhone Developer";
				GCC_C_LANGUAGE_STANDARD = gnu99;
				GCC_PRECOMPILE_PREFIX_HEADER = YES;
				GCC_PREFIX_HEADER = "PAM/PAM-Prefix.pch";
				INFOPLIST_FILE = "PAM/PAM-Info.plist";
				IPHONEOS_DEPLOYMENT_TARGET = 7.0;
				PRODUCT_NAME = "$(TARGET_NAME)";
				PROVISIONING_PROFILE = "";
				USER_HEADER_SEARCH_PATHS = "$(SRCROOT)/GEL-iOS/**";
				WRAPPER_EXTENSION = app;
			};
			name = Debug;
		};
		156464151820266E0000B985 /* Release */ = {
			isa = XCBuildConfiguration;
			buildSettings = {
				ASSETCATALOG_COMPILER_APPICON_NAME = AppIcon;
				ASSETCATALOG_COMPILER_LAUNCHIMAGE_NAME = LaunchImage;
				CODE_SIGN_IDENTITY = "iPhone Developer";
				"CODE_SIGN_IDENTITY[sdk=iphoneos*]" = "iPhone Developer";
				GCC_C_LANGUAGE_STANDARD = gnu99;
				GCC_PRECOMPILE_PREFIX_HEADER = YES;
				GCC_PREFIX_HEADER = "PAM/PAM-Prefix.pch";
				INFOPLIST_FILE = "PAM/PAM-Info.plist";
				IPHONEOS_DEPLOYMENT_TARGET = 7.0;
				PRODUCT_NAME = "$(TARGET_NAME)";
				PROVISIONING_PROFILE = "";
				USER_HEADER_SEARCH_PATHS = "$(SRCROOT)/GEL-iOS/**";
				WRAPPER_EXTENSION = app;
			};
			name = Release;
		};
		156464171820266E0000B985 /* Debug */ = {
			isa = XCBuildConfiguration;
			buildSettings = {
				ARCHS = "$(ARCHS_STANDARD_INCLUDING_64_BIT)";
				BUNDLE_LOADER = "$(BUILT_PRODUCTS_DIR)/PAM.app/PAM";
				FRAMEWORK_SEARCH_PATHS = (
					"$(SDKROOT)/Developer/Library/Frameworks",
					"$(inherited)",
					"$(DEVELOPER_FRAMEWORKS_DIR)",
				);
				GCC_PRECOMPILE_PREFIX_HEADER = YES;
				GCC_PREFIX_HEADER = "PAM/PAM-Prefix.pch";
				GCC_PREPROCESSOR_DEFINITIONS = (
					"DEBUG=1",
					"$(inherited)",
				);
				INFOPLIST_FILE = "PAMTests/PAMTests-Info.plist";
				PRODUCT_NAME = "$(TARGET_NAME)";
				TEST_HOST = "$(BUNDLE_LOADER)";
				WRAPPER_EXTENSION = xctest;
			};
			name = Debug;
		};
		156464181820266E0000B985 /* Release */ = {
			isa = XCBuildConfiguration;
			buildSettings = {
				ARCHS = "$(ARCHS_STANDARD_INCLUDING_64_BIT)";
				BUNDLE_LOADER = "$(BUILT_PRODUCTS_DIR)/PAM.app/PAM";
				FRAMEWORK_SEARCH_PATHS = (
					"$(SDKROOT)/Developer/Library/Frameworks",
					"$(inherited)",
					"$(DEVELOPER_FRAMEWORKS_DIR)",
				);
				GCC_PRECOMPILE_PREFIX_HEADER = YES;
				GCC_PREFIX_HEADER = "PAM/PAM-Prefix.pch";
				INFOPLIST_FILE = "PAMTests/PAMTests-Info.plist";
				PRODUCT_NAME = "$(TARGET_NAME)";
				TEST_HOST = "$(BUNDLE_LOADER)";
				WRAPPER_EXTENSION = xctest;
			};
			name = Release;
		};
/* End XCBuildConfiguration section */

/* Begin XCConfigurationList section */
		156463E21820266E0000B985 /* Build configuration list for PBXProject "PAM" */ = {
			isa = XCConfigurationList;
			buildConfigurations = (
				156464111820266E0000B985 /* Debug */,
				156464121820266E0000B985 /* Release */,
			);
			defaultConfigurationIsVisible = 0;
			defaultConfigurationName = Release;
		};
		156464131820266E0000B985 /* Build configuration list for PBXNativeTarget "PAM" */ = {
			isa = XCConfigurationList;
			buildConfigurations = (
				156464141820266E0000B985 /* Debug */,
				156464151820266E0000B985 /* Release */,
			);
			defaultConfigurationIsVisible = 0;
			defaultConfigurationName = Release;
		};
		156464161820266E0000B985 /* Build configuration list for PBXNativeTarget "PAMTests" */ = {
			isa = XCConfigurationList;
			buildConfigurations = (
				156464171820266E0000B985 /* Debug */,
				156464181820266E0000B985 /* Release */,
			);
			defaultConfigurationIsVisible = 0;
			defaultConfigurationName = Release;
		};
/* End XCConfigurationList section */
	};
	rootObject = 156463DF1820266E0000B985 /* Project object */;
}
